// !$*UTF8*$!
{
	archiveVersion = 1;
	classes = {
	};
	objectVersion = 46;
	objects = {

/* Begin PBXBuildFile section */
		E1E52EA21A040E3A006928D9 /* Foundation.framework in Frameworks */ = {isa = PBXBuildFile; fileRef = E1E52EA11A040E3A006928D9 /* Foundation.framework */; };
		E1E52EA41A040E3A006928D9 /* CoreGraphics.framework in Frameworks */ = {isa = PBXBuildFile; fileRef = E1E52EA31A040E3A006928D9 /* CoreGraphics.framework */; };
		E1E52EA61A040E3A006928D9 /* UIKit.framework in Frameworks */ = {isa = PBXBuildFile; fileRef = E1E52EA51A040E3A006928D9 /* UIKit.framework */; };
		E1E52EAC1A040E3A006928D9 /* InfoPlist.strings in Resources */ = {isa = PBXBuildFile; fileRef = E1E52EAA1A040E3A006928D9 /* InfoPlist.strings */; };
		E1E52EAE1A040E3A006928D9 /* main.m in Sources */ = {isa = PBXBuildFile; fileRef = E1E52EAD1A040E3A006928D9 /* main.m */; };
		E1E52EB21A040E3A006928D9 /* WXAppDelegate.m in Sources */ = {isa = PBXBuildFile; fileRef = E1E52EB11A040E3A006928D9 /* WXAppDelegate.m */; };
		E1E52EB41A040E3A006928D9 /* Images.xcassets in Resources */ = {isa = PBXBuildFile; fileRef = E1E52EB31A040E3A006928D9 /* Images.xcassets */; };
		E1E52EBB1A040E3A006928D9 /* XCTest.framework in Frameworks */ = {isa = PBXBuildFile; fileRef = E1E52EBA1A040E3A006928D9 /* XCTest.framework */; };
		E1E52EBC1A040E3A006928D9 /* Foundation.framework in Frameworks */ = {isa = PBXBuildFile; fileRef = E1E52EA11A040E3A006928D9 /* Foundation.framework */; };
		E1E52EBD1A040E3A006928D9 /* UIKit.framework in Frameworks */ = {isa = PBXBuildFile; fileRef = E1E52EA51A040E3A006928D9 /* UIKit.framework */; };
		E1E52EC51A040E3A006928D9 /* InfoPlist.strings in Resources */ = {isa = PBXBuildFile; fileRef = E1E52EC31A040E3A006928D9 /* InfoPlist.strings */; };
		E1E52EC71A040E3A006928D9 /* SimpleWeatherTests.m in Sources */ = {isa = PBXBuildFile; fileRef = E1E52EC61A040E3A006928D9 /* SimpleWeatherTests.m */; };
/* End PBXBuildFile section */

/* Begin PBXContainerItemProxy section */
		E1E52EBE1A040E3A006928D9 /* PBXContainerItemProxy */ = {
			isa = PBXContainerItemProxy;
			containerPortal = E1E52E961A040E3A006928D9 /* Project object */;
			proxyType = 1;
			remoteGlobalIDString = E1E52E9D1A040E3A006928D9;
			remoteInfo = SimpleWeather;
		};
/* End PBXContainerItemProxy section */

/* Begin PBXFileReference section */
		E1E52E9E1A040E3A006928D9 /* SimpleWeather.app */ = {isa = PBXFileReference; explicitFileType = wrapper.application; includeInIndex = 0; path = SimpleWeather.app; sourceTree = BUILT_PRODUCTS_DIR; };
		E1E52EA11A040E3A006928D9 /* Foundation.framework */ = {isa = PBXFileReference; lastKnownFileType = wrapper.framework; name = Foundation.framework; path = System/Library/Frameworks/Foundation.framework; sourceTree = SDKROOT; };
		E1E52EA31A040E3A006928D9 /* CoreGraphics.framework */ = {isa = PBXFileReference; lastKnownFileType = wrapper.framework; name = CoreGraphics.framework; path = System/Library/Frameworks/CoreGraphics.framework; sourceTree = SDKROOT; };
		E1E52EA51A040E3A006928D9 /* UIKit.framework */ = {isa = PBXFileReference; lastKnownFileType = wrapper.framework; name = UIKit.framework; path = System/Library/Frameworks/UIKit.framework; sourceTree = SDKROOT; };
		E1E52EA91A040E3A006928D9 /* SimpleWeather-Info.plist */ = {isa = PBXFileReference; lastKnownFileType = text.plist.xml; path = "SimpleWeather-Info.plist"; sourceTree = "<group>"; };
		E1E52EAB1A040E3A006928D9 /* en */ = {isa = PBXFileReference; lastKnownFileType = text.plist.strings; name = en; path = en.lproj/InfoPlist.strings; sourceTree = "<group>"; };
		E1E52EAD1A040E3A006928D9 /* main.m */ = {isa = PBXFileReference; lastKnownFileType = sourcecode.c.objc; path = main.m; sourceTree = "<group>"; };
		E1E52EAF1A040E3A006928D9 /* SimpleWeather-Prefix.pch */ = {isa = PBXFileReference; lastKnownFileType = sourcecode.c.h; path = "SimpleWeather-Prefix.pch"; sourceTree = "<group>"; };
		E1E52EB01A040E3A006928D9 /* WXAppDelegate.h */ = {isa = PBXFileReference; lastKnownFileType = sourcecode.c.h; path = WXAppDelegate.h; sourceTree = "<group>"; };
		E1E52EB11A040E3A006928D9 /* WXAppDelegate.m */ = {isa = PBXFileReference; lastKnownFileType = sourcecode.c.objc; path = WXAppDelegate.m; sourceTree = "<group>"; };
		E1E52EB31A040E3A006928D9 /* Images.xcassets */ = {isa = PBXFileReference; lastKnownFileType = folder.assetcatalog; path = Images.xcassets; sourceTree = "<group>"; };
		E1E52EB91A040E3A006928D9 /* SimpleWeatherTests.xctest */ = {isa = PBXFileReference; explicitFileType = wrapper.cfbundle; includeInIndex = 0; path = SimpleWeatherTests.xctest; sourceTree = BUILT_PRODUCTS_DIR; };
		E1E52EBA1A040E3A006928D9 /* XCTest.framework */ = {isa = PBXFileReference; lastKnownFileType = wrapper.framework; name = XCTest.framework; path = Library/Frameworks/XCTest.framework; sourceTree = DEVELOPER_DIR; };
		E1E52EC21A040E3A006928D9 /* SimpleWeatherTests-Info.plist */ = {isa = PBXFileReference; lastKnownFileType = text.plist.xml; path = "SimpleWeatherTests-Info.plist"; sourceTree = "<group>"; };
		E1E52EC41A040E3A006928D9 /* en */ = {isa = PBXFileReference; lastKnownFileType = text.plist.strings; name = en; path = en.lproj/InfoPlist.strings; sourceTree = "<group>"; };
		E1E52EC61A040E3A006928D9 /* SimpleWeatherTests.m */ = {isa = PBXFileReference; lastKnownFileType = sourcecode.c.objc; path = SimpleWeatherTests.m; sourceTree = "<group>"; };
/* End PBXFileReference section */

/* Begin PBXFrameworksBuildPhase section */
		E1E52E9B1A040E3A006928D9 /* Frameworks */ = {
			isa = PBXFrameworksBuildPhase;
			buildActionMask = 2147483647;
			files = (
				E1E52EA41A040E3A006928D9 /* CoreGraphics.framework in Frameworks */,
				E1E52EA61A040E3A006928D9 /* UIKit.framework in Frameworks */,
				E1E52EA21A040E3A006928D9 /* Foundation.framework in Frameworks */,
			);
			runOnlyForDeploymentPostprocessing = 0;
		};
		E1E52EB61A040E3A006928D9 /* Frameworks */ = {
			isa = PBXFrameworksBuildPhase;
			buildActionMask = 2147483647;
			files = (
				E1E52EBB1A040E3A006928D9 /* XCTest.framework in Frameworks */,
				E1E52EBD1A040E3A006928D9 /* UIKit.framework in Frameworks */,
				E1E52EBC1A040E3A006928D9 /* Foundation.framework in Frameworks */,
			);
			runOnlyForDeploymentPostprocessing = 0;
		};
/* End PBXFrameworksBuildPhase section */

/* Begin PBXGroup section */
		E1E52E951A040E3A006928D9 = {
			isa = PBXGroup;
			children = (
				E1E52EA71A040E3A006928D9 /* SimpleWeather */,
				E1E52EC01A040E3A006928D9 /* SimpleWeatherTests */,
				E1E52EA01A040E3A006928D9 /* Frameworks */,
				E1E52E9F1A040E3A006928D9 /* Products */,
			);
			sourceTree = "<group>";
		};
		E1E52E9F1A040E3A006928D9 /* Products */ = {
			isa = PBXGroup;
			children = (
				E1E52E9E1A040E3A006928D9 /* SimpleWeather.app */,
				E1E52EB91A040E3A006928D9 /* SimpleWeatherTests.xctest */,
			);
			name = Products;
			sourceTree = "<group>";
		};
		E1E52EA01A040E3A006928D9 /* Frameworks */ = {
			isa = PBXGroup;
			children = (
				E1E52EA11A040E3A006928D9 /* Foundation.framework */,
				E1E52EA31A040E3A006928D9 /* CoreGraphics.framework */,
				E1E52EA51A040E3A006928D9 /* UIKit.framework */,
				E1E52EBA1A040E3A006928D9 /* XCTest.framework */,
			);
			name = Frameworks;
			sourceTree = "<group>";
		};
		E1E52EA71A040E3A006928D9 /* SimpleWeather */ = {
			isa = PBXGroup;
			children = (
				E1E52EB01A040E3A006928D9 /* WXAppDelegate.h */,
				E1E52EB11A040E3A006928D9 /* WXAppDelegate.m */,
				E1E52EB31A040E3A006928D9 /* Images.xcassets */,
				E1E52EA81A040E3A006928D9 /* Supporting Files */,
			);
			path = SimpleWeather;
			sourceTree = "<group>";
		};
		E1E52EA81A040E3A006928D9 /* Supporting Files */ = {
			isa = PBXGroup;
			children = (
				E1E52EA91A040E3A006928D9 /* SimpleWeather-Info.plist */,
				E1E52EAA1A040E3A006928D9 /* InfoPlist.strings */,
				E1E52EAD1A040E3A006928D9 /* main.m */,
				E1E52EAF1A040E3A006928D9 /* SimpleWeather-Prefix.pch */,
			);
			name = "Supporting Files";
			sourceTree = "<group>";
		};
		E1E52EC01A040E3A006928D9 /* SimpleWeatherTests */ = {
			isa = PBXGroup;
			children = (
				E1E52EC61A040E3A006928D9 /* SimpleWeatherTests.m */,
				E1E52EC11A040E3A006928D9 /* Supporting Files */,
			);
			path = SimpleWeatherTests;
			sourceTree = "<group>";
		};
		E1E52EC11A040E3A006928D9 /* Supporting Files */ = {
			isa = PBXGroup;
			children = (
				E1E52EC21A040E3A006928D9 /* SimpleWeatherTests-Info.plist */,
				E1E52EC31A040E3A006928D9 /* InfoPlist.strings */,
			);
			name = "Supporting Files";
			sourceTree = "<group>";
		};
/* End PBXGroup section */

/* Begin PBXNativeTarget section */
		E1E52E9D1A040E3A006928D9 /* SimpleWeather */ = {
			isa = PBXNativeTarget;
			buildConfigurationList = E1E52ECA1A040E3A006928D9 /* Build configuration list for PBXNativeTarget "SimpleWeather" */;
			buildPhases = (
				E1E52E9A1A040E3A006928D9 /* Sources */,
				E1E52E9B1A040E3A006928D9 /* Frameworks */,
				E1E52E9C1A040E3A006928D9 /* Resources */,
			);
			buildRules = (
			);
			dependencies = (
			);
			name = SimpleWeather;
			productName = SimpleWeather;
			productReference = E1E52E9E1A040E3A006928D9 /* SimpleWeather.app */;
			productType = "com.apple.product-type.application";
		};
		E1E52EB81A040E3A006928D9 /* SimpleWeatherTests */ = {
			isa = PBXNativeTarget;
			buildConfigurationList = E1E52ECD1A040E3A006928D9 /* Build configuration list for PBXNativeTarget "SimpleWeatherTests" */;
			buildPhases = (
				E1E52EB51A040E3A006928D9 /* Sources */,
				E1E52EB61A040E3A006928D9 /* Frameworks */,
				E1E52EB71A040E3A006928D9 /* Resources */,
			);
			buildRules = (
			);
			dependencies = (
				E1E52EBF1A040E3A006928D9 /* PBXTargetDependency */,
			);
			name = SimpleWeatherTests;
			productName = SimpleWeatherTests;
			productReference = E1E52EB91A040E3A006928D9 /* SimpleWeatherTests.xctest */;
			productType = "com.apple.product-type.bundle.unit-test";
		};
/* End PBXNativeTarget section */

/* Begin PBXProject section */
		E1E52E961A040E3A006928D9 /* Project object */ = {
			isa = PBXProject;
			attributes = {
				CLASSPREFIX = WX;
				LastUpgradeCheck = 0510;
				ORGANIZATIONNAME = "Big Nerd Ranch";
				TargetAttributes = {
					E1E52EB81A040E3A006928D9 = {
						TestTargetID = E1E52E9D1A040E3A006928D9;
					};
				};
			};
			buildConfigurationList = E1E52E991A040E3A006928D9 /* Build configuration list for PBXProject "SimpleWeather" */;
			compatibilityVersion = "Xcode 3.2";
			developmentRegion = English;
			hasScannedForEncodings = 0;
			knownRegions = (
				en,
			);
			mainGroup = E1E52E951A040E3A006928D9;
			productRefGroup = E1E52E9F1A040E3A006928D9 /* Products */;
			projectDirPath = "";
			projectRoot = "";
			targets = (
				E1E52E9D1A040E3A006928D9 /* SimpleWeather */,
				E1E52EB81A040E3A006928D9 /* SimpleWeatherTests */,
			);
		};
/* End PBXProject section */

/* Begin PBXResourcesBuildPhase section */
		E1E52E9C1A040E3A006928D9 /* Resources */ = {
			isa = PBXResourcesBuildPhase;
			buildActionMask = 2147483647;
			files = (
				E1E52EAC1A040E3A006928D9 /* InfoPlist.strings in Resources */,
				E1E52EB41A040E3A006928D9 /* Images.xcassets in Resources */,
			);
			runOnlyForDeploymentPostprocessing = 0;
		};
		E1E52EB71A040E3A006928D9 /* Resources */ = {
			isa = PBXResourcesBuildPhase;
			buildActionMask = 2147483647;
			files = (
				E1E52EC51A040E3A006928D9 /* InfoPlist.strings in Resources */,
			);
			runOnlyForDeploymentPostprocessing = 0;
		};
/* End PBXResourcesBuildPhase section */

/* Begin PBXSourcesBuildPhase section */
		E1E52E9A1A040E3A006928D9 /* Sources */ = {
			isa = PBXSourcesBuildPhase;
			buildActionMask = 2147483647;
			files = (
				E1E52EAE1A040E3A006928D9 /* main.m in Sources */,
				E1E52EB21A040E3A006928D9 /* WXAppDelegate.m in Sources */,
			);
			runOnlyForDeploymentPostprocessing = 0;
		};
		E1E52EB51A040E3A006928D9 /* Sources */ = {
			isa = PBXSourcesBuildPhase;
			buildActionMask = 2147483647;
			files = (
				E1E52EC71A040E3A006928D9 /* SimpleWeatherTests.m in Sources */,
			);
			runOnlyForDeploymentPostprocessing = 0;
		};
/* End PBXSourcesBuildPhase section */

/* Begin PBXTargetDependency section */
		E1E52EBF1A040E3A006928D9 /* PBXTargetDependency */ = {
			isa = PBXTargetDependency;
			target = E1E52E9D1A040E3A006928D9 /* SimpleWeather */;
			targetProxy = E1E52EBE1A040E3A006928D9 /* PBXContainerItemProxy */;
		};
/* End PBXTargetDependency section */

/* Begin PBXVariantGroup section */
		E1E52EAA1A040E3A006928D9 /* InfoPlist.strings */ = {
			isa = PBXVariantGroup;
			children = (
				E1E52EAB1A040E3A006928D9 /* en */,
			);
			name = InfoPlist.strings;
			sourceTree = "<group>";
		};
		E1E52EC31A040E3A006928D9 /* InfoPlist.strings */ = {
			isa = PBXVariantGroup;
			children = (
				E1E52EC41A040E3A006928D9 /* en */,
			);
			name = InfoPlist.strings;
			sourceTree = "<group>";
		};
/* End PBXVariantGroup section */

/* Begin XCBuildConfiguration section */
		E1E52EC81A040E3A006928D9 /* Debug */ = {
			isa = XCBuildConfiguration;
			buildSettings = {
				ALWAYS_SEARCH_USER_PATHS = NO;
				CLANG_CXX_LANGUAGE_STANDARD = "gnu++0x";
				CLANG_CXX_LIBRARY = "libc++";
				CLANG_ENABLE_MODULES = YES;
				CLANG_ENABLE_OBJC_ARC = YES;
				CLANG_WARN_BOOL_CONVERSION = YES;
				CLANG_WARN_CONSTANT_CONVERSION = YES;
				CLANG_WARN_DIRECT_OBJC_ISA_USAGE = YES_ERROR;
				CLANG_WARN_EMPTY_BODY = YES;
				CLANG_WARN_ENUM_CONVERSION = YES;
				CLANG_WARN_INT_CONVERSION = YES;
				CLANG_WARN_OBJC_ROOT_CLASS = YES_ERROR;
				CLANG_WARN__DUPLICATE_METHOD_MATCH = YES;
				"CODE_SIGN_IDENTITY[sdk=iphoneos*]" = "iPhone Developer";
				COPY_PHASE_STRIP = NO;
				GCC_C_LANGUAGE_STANDARD = gnu99;
				GCC_DYNAMIC_NO_PIC = NO;
				GCC_OPTIMIZATION_LEVEL = 0;
				GCC_PREPROCESSOR_DEFINITIONS = (
					"DEBUG=1",
					"$(inherited)",
				);
				GCC_SYMBOLS_PRIVATE_EXTERN = NO;
				GCC_WARN_64_TO_32_BIT_CONVERSION = YES;
				GCC_WARN_ABOUT_RETURN_TYPE = YES_ERROR;
				GCC_WARN_UNDECLARED_SELECTOR = YES;
				GCC_WARN_UNINITIALIZED_AUTOS = YES_AGGRESSIVE;
				GCC_WARN_UNUSED_FUNCTION = YES;
				GCC_WARN_UNUSED_VARIABLE = YES;
				IPHONEOS_DEPLOYMENT_TARGET = 7.1;
				ONLY_ACTIVE_ARCH = YES;
				SDKROOT = iphoneos;
			};
			name = Debug;
		};
		E1E52EC91A040E3A006928D9 /* Release */ = {
			isa = XCBuildConfiguration;
			buildSettings = {
				ALWAYS_SEARCH_USER_PATHS = NO;
				CLANG_CXX_LANGUAGE_STANDARD = "gnu++0x";
				CLANG_CXX_LIBRARY = "libc++";
				CLANG_ENABLE_MODULES = YES;
				CLANG_ENABLE_OBJC_ARC = YES;
				CLANG_WARN_BOOL_CONVERSION = YES;
				CLANG_WARN_CONSTANT_CONVERSION = YES;
				CLANG_WARN_DIRECT_OBJC_ISA_USAGE = YES_ERROR;
				CLANG_WARN_EMPTY_BODY = YES;
				CLANG_WARN_ENUM_CONVERSION = YES;
				CLANG_WARN_INT_CONVERSION = YES;
				CLANG_WARN_OBJC_ROOT_CLASS = YES_ERROR;
				CLANG_WARN__DUPLICATE_METHOD_MATCH = YES;
				"CODE_SIGN_IDENTITY[sdk=iphoneos*]" = "iPhone Developer";
				COPY_PHASE_STRIP = YES;
				ENABLE_NS_ASSERTIONS = NO;
				GCC_C_LANGUAGE_STANDARD = gnu99;
				GCC_WARN_64_TO_32_BIT_CONVERSION = YES;
				GCC_WARN_ABOUT_RETURN_TYPE = YES_ERROR;
				GCC_WARN_UNDECLARED_SELECTOR = YES;
				GCC_WARN_UNINITIALIZED_AUTOS = YES_AGGRESSIVE;
				GCC_WARN_UNUSED_FUNCTION = YES;
				GCC_WARN_UNUSED_VARIABLE = YES;
				IPHONEOS_DEPLOYMENT_TARGET = 7.1;
				SDKROOT = iphoneos;
				VALIDATE_PRODUCT = YES;
			};
			name = Release;
		};
		E1E52ECB1A040E3A006928D9 /* Debug */ = {
			isa = XCBuildConfiguration;
			buildSettings = {
				ASSETCATALOG_COMPILER_APPICON_NAME = AppIcon;
				ASSETCATALOG_COMPILER_LAUNCHIMAGE_NAME = LaunchImage;
				GCC_PRECOMPILE_PREFIX_HEADER = YES;
				GCC_PREFIX_HEADER = "SimpleWeather/SimpleWeather-Prefix.pch";
				INFOPLIST_FILE = "SimpleWeather/SimpleWeather-Info.plist";
				PRODUCT_NAME = "$(TARGET_NAME)";
				WRAPPER_EXTENSION = app;
			};
			name = Debug;
		};
		E1E52ECC1A040E3A006928D9 /* Release */ = {
			isa = XCBuildConfiguration;
			buildSettings = {
				ASSETCATALOG_COMPILER_APPICON_NAME = AppIcon;
				ASSETCATALOG_COMPILER_LAUNCHIMAGE_NAME = LaunchImage;
				GCC_PRECOMPILE_PREFIX_HEADER = YES;
				GCC_PREFIX_HEADER = "SimpleWeather/SimpleWeather-Prefix.pch";
				INFOPLIST_FILE = "SimpleWeather/SimpleWeather-Info.plist";
				PRODUCT_NAME = "$(TARGET_NAME)";
				WRAPPER_EXTENSION = app;
			};
			name = Release;
		};
		E1E52ECE1A040E3A006928D9 /* Debug */ = {
			isa = XCBuildConfiguration;
			buildSettings = {
				BUNDLE_LOADER = "$(BUILT_PRODUCTS_DIR)/SimpleWeather.app/SimpleWeather";
				FRAMEWORK_SEARCH_PATHS = (
					"$(SDKROOT)/Developer/Library/Frameworks",
					"$(inherited)",
					"$(DEVELOPER_FRAMEWORKS_DIR)",
				);
				GCC_PRECOMPILE_PREFIX_HEADER = YES;
				GCC_PREFIX_HEADER = "SimpleWeather/SimpleWeather-Prefix.pch";
				GCC_PREPROCESSOR_DEFINITIONS = (
					"DEBUG=1",
					"$(inherited)",
				);
				INFOPLIST_FILE = "SimpleWeatherTests/SimpleWeatherTests-Info.plist";
				PRODUCT_NAME = "$(TARGET_NAME)";
				TEST_HOST = "$(BUNDLE_LOADER)";
				WRAPPER_EXTENSION = xctest;
			};
			name = Debug;
		};
		E1E52ECF1A040E3A006928D9 /* Release */ = {
			isa = XCBuildConfiguration;
			buildSettings = {
				BUNDLE_LOADER = "$(BUILT_PRODUCTS_DIR)/SimpleWeather.app/SimpleWeather";
				FRAMEWORK_SEARCH_PATHS = (
					"$(SDKROOT)/Developer/Library/Frameworks",
					"$(inherited)",
					"$(DEVELOPER_FRAMEWORKS_DIR)",
				);
				GCC_PRECOMPILE_PREFIX_HEADER = YES;
				GCC_PREFIX_HEADER = "SimpleWeather/SimpleWeather-Prefix.pch";
				INFOPLIST_FILE = "SimpleWeatherTests/SimpleWeatherTests-Info.plist";
				PRODUCT_NAME = "$(TARGET_NAME)";
				TEST_HOST = "$(BUNDLE_LOADER)";
				WRAPPER_EXTENSION = xctest;
			};
			name = Release;
		};
/* End XCBuildConfiguration section */

/* Begin XCConfigurationList section */
		E1E52E991A040E3A006928D9 /* Build configuration list for PBXProject "SimpleWeather" */ = {
			isa = XCConfigurationList;
			buildConfigurations = (
				E1E52EC81A040E3A006928D9 /* Debug */,
				E1E52EC91A040E3A006928D9 /* Release */,
			);
			defaultConfigurationIsVisible = 0;
			defaultConfigurationName = Release;
		};
		E1E52ECA1A040E3A006928D9 /* Build configuration list for PBXNativeTarget "SimpleWeather" */ = {
			isa = XCConfigurationList;
			buildConfigurations = (
				E1E52ECB1A040E3A006928D9 /* Debug */,
				E1E52ECC1A040E3A006928D9 /* Release */,
			);
			defaultConfigurationIsVisible = 0;
		};
		E1E52ECD1A040E3A006928D9 /* Build configuration list for PBXNativeTarget "SimpleWeatherTests" */ = {
			isa = XCConfigurationList;
			buildConfigurations = (
				E1E52ECE1A040E3A006928D9 /* Debug */,
				E1E52ECF1A040E3A006928D9 /* Release */,
			);
			defaultConfigurationIsVisible = 0;
		};
/* End XCConfigurationList section */
	};
	rootObject = E1E52E961A040E3A006928D9 /* Project object */;
}
